
Microsoft Visual Studio Solution File, Format Version 12.00
# Visual Studio Version 16
VisualStudioVersion = 16.0.30517.126
MinimumVisualStudioVersion = 10.0.40219.1
Project("{8BC9CEB8-8B4A-11D0-8D11-00A0C91BC942}") = "Figures", "Figures\Figures.vcxproj", "{6D598675-AC1D-4EAB-BEBA-1187B6C25491}"
EndProject
Project("{8BC9CEB8-8B4A-11D0-8D11-00A0C91BC942}") = "Tests", "Tests\Tests.vcxproj", "{4AFD2AA7-E0A6-4F5D-90DA-7EB9D232E6BD}"
EndProject
Project("{8BC9CEB8-8B4A-11D0-8D11-00A0C91BC942}") = "EPAM8(Lambda)", "EPAM8(Lambda)\EPAM8(Lambda).vcxproj", "{56752B76-D939-4C51-ADFE-C10C331B1345}"
EndProject
Project("{8BC9CEB8-8B4A-11D0-8D11-00A0C91BC942}") = "EPAM9(STL)", "EPAM9(STL)\EPAM9(STL).vcxproj", "{23C10120-625E-4B77-AEB7-38421454FCAB}"
EndProject
Project("{8BC9CEB8-8B4A-11D0-8D11-00A0C91BC942}") = "EPAMz11(Exceptions)", "EPAMz11(Exceptions)\EPAMz11(Exceptions).vcxproj", "{D364C0A4-CFDF-46BA-B740-75E94C4AD977}"
EndProject
Project("{8BC9CEB8-8B4A-11D0-8D11-00A0C91BC942}") = "Backpack", "Backpack\Backpack.vcxproj", "{95CE4A89-D3E1-40E4-8417-DDA71F22D55A}"
EndProject
Project("{8BC9CEB8-8B4A-11D0-8D11-00A0C91BC942}") = "EPAMz12(Pointers)", "EPAMz12(Pointers)\EPAMz12(Pointers).vcxproj", "{E31D1717-1706-4C59-89AB-1F2B5BC49E3F}"
EndProject
Project("{8BC9CEB8-8B4A-11D0-8D11-00A0C91BC942}") = "EPAMz13(Algorithms)", "EPAMz13(Algorithms)\EPAMz13(Algorithms).vcxproj", "{20ADF27F-809B-4F77-AA89-BB2B79B66E69}"
EndProject
Project("{8BC9CEB8-8B4A-11D0-8D11-00A0C91BC942}") = "EPAMz14(RAII)", "EPAM14(RAII)\EPAM14(RAII).vcxproj", "{3E36A44C-A1A1-4FBA-9358-0EA996A2B1F8}"
EndProject
Project("{8BC9CEB8-8B4A-11D0-8D11-00A0C91BC942}") = "EPAMz10(Files)", "EPAM10z(Files)\EPAM10(Files).vcxproj", "{794D05A4-B5C1-4303-9232-ED6DAE33F55F}"
EndProject
Project("{8BC9CEB8-8B4A-11D0-8D11-00A0C91BC942}") = "EPAM1(FirstTask)", "EPAM1(FirstTask)\EPAM1.vcxproj", "{477131ED-13FF-4B22-A20B-8D6B7DD4210C}"
EndProject
Project("{8BC9CEB8-8B4A-11D0-8D11-00A0C91BC942}") = "EPAM2(MyString)", "EPAM2(MyString)\EPAM2.vcxproj", "{04AD4C1E-64C4-46B3-BA20-5F66A29D5A6F}"
EndProject
Project("{8BC9CEB8-8B4A-11D0-8D11-00A0C91BC942}") = "EPAM3(MyVector)", "EPAM3(MyVector)\EPAM3.vcxproj", "{E5C70EC1-304B-4328-825D-DDA0600A1724}"
EndProject
Project("{8BC9CEB8-8B4A-11D0-8D11-00A0C91BC942}") = "EPAM4(Inherit)", "EPAM4(Inherit)\EPAM4.vcxproj", "{6246B2C5-D064-470F-9BB5-41F5496ECE18}"
EndProject
Project("{8BC9CEB8-8B4A-11D0-8D11-00A0C91BC942}") = "EPAM5(Matrix)", "EPAM5(Matrix)\EPAM5.vcxproj", "{0DFB19BD-7CBA-4820-9EDB-C63396788507}"
EndProject
Project("{8BC9CEB8-8B4A-11D0-8D11-00A0C91BC942}") = "EPAM6(Templates)", "EPAM6(Templates)\EPAM6.vcxproj", "{9AFFB271-10B4-4F1C-A3AA-5CFB66861E44}"
EndProject
Project("{8BC9CEB8-8B4A-11D0-8D11-00A0C91BC942}") = "EPAM7(Abstract classes)", "EPAM7(Abstract classes)\EPAM7.vcxproj", "{618811AD-9CB4-4DB6-B1DD-EF36BA614617}"
EndProject
Global
	GlobalSection(SolutionConfigurationPlatforms) = preSolution
		Debug|x64 = Debug|x64
		Debug|x86 = Debug|x86
		Release|x64 = Release|x64
		Release|x86 = Release|x86
	EndGlobalSection
	GlobalSection(ProjectConfigurationPlatforms) = postSolution
		{6D598675-AC1D-4EAB-BEBA-1187B6C25491}.Debug|x64.ActiveCfg = Debug|x64
		{6D598675-AC1D-4EAB-BEBA-1187B6C25491}.Debug|x64.Build.0 = Debug|x64
		{6D598675-AC1D-4EAB-BEBA-1187B6C25491}.Debug|x86.ActiveCfg = Debug|Win32
		{6D598675-AC1D-4EAB-BEBA-1187B6C25491}.Debug|x86.Build.0 = Debug|Win32
		{6D598675-AC1D-4EAB-BEBA-1187B6C25491}.Release|x64.ActiveCfg = Release|x64
		{6D598675-AC1D-4EAB-BEBA-1187B6C25491}.Release|x64.Build.0 = Release|x64
		{6D598675-AC1D-4EAB-BEBA-1187B6C25491}.Release|x86.ActiveCfg = Release|Win32
		{6D598675-AC1D-4EAB-BEBA-1187B6C25491}.Release|x86.Build.0 = Release|Win32
		{4AFD2AA7-E0A6-4F5D-90DA-7EB9D232E6BD}.Debug|x64.ActiveCfg = Debug|x64
		{4AFD2AA7-E0A6-4F5D-90DA-7EB9D232E6BD}.Debug|x64.Build.0 = Debug|x64
		{4AFD2AA7-E0A6-4F5D-90DA-7EB9D232E6BD}.Debug|x86.ActiveCfg = Debug|Win32
		{4AFD2AA7-E0A6-4F5D-90DA-7EB9D232E6BD}.Debug|x86.Build.0 = Debug|Win32
		{4AFD2AA7-E0A6-4F5D-90DA-7EB9D232E6BD}.Release|x64.ActiveCfg = Release|x64
		{4AFD2AA7-E0A6-4F5D-90DA-7EB9D232E6BD}.Release|x64.Build.0 = Release|x64
		{4AFD2AA7-E0A6-4F5D-90DA-7EB9D232E6BD}.Release|x86.ActiveCfg = Release|Win32
		{4AFD2AA7-E0A6-4F5D-90DA-7EB9D232E6BD}.Release|x86.Build.0 = Release|Win32
		{56752B76-D939-4C51-ADFE-C10C331B1345}.Debug|x64.ActiveCfg = Debug|x64
		{56752B76-D939-4C51-ADFE-C10C331B1345}.Debug|x64.Build.0 = Debug|x64
		{56752B76-D939-4C51-ADFE-C10C331B1345}.Debug|x86.ActiveCfg = Debug|Win32
		{56752B76-D939-4C51-ADFE-C10C331B1345}.Debug|x86.Build.0 = Debug|Win32
		{56752B76-D939-4C51-ADFE-C10C331B1345}.Release|x64.ActiveCfg = Release|x64
		{56752B76-D939-4C51-ADFE-C10C331B1345}.Release|x64.Build.0 = Release|x64
		{56752B76-D939-4C51-ADFE-C10C331B1345}.Release|x86.ActiveCfg = Release|Win32
		{56752B76-D939-4C51-ADFE-C10C331B1345}.Release|x86.Build.0 = Release|Win32
		{23C10120-625E-4B77-AEB7-38421454FCAB}.Debug|x64.ActiveCfg = Debug|x64
		{23C10120-625E-4B77-AEB7-38421454FCAB}.Debug|x64.Build.0 = Debug|x64
		{23C10120-625E-4B77-AEB7-38421454FCAB}.Debug|x86.ActiveCfg = Debug|Win32
		{23C10120-625E-4B77-AEB7-38421454FCAB}.Debug|x86.Build.0 = Debug|Win32
		{23C10120-625E-4B77-AEB7-38421454FCAB}.Release|x64.ActiveCfg = Release|x64
		{23C10120-625E-4B77-AEB7-38421454FCAB}.Release|x64.Build.0 = Release|x64
		{23C10120-625E-4B77-AEB7-38421454FCAB}.Release|x86.ActiveCfg = Release|Win32
		{23C10120-625E-4B77-AEB7-38421454FCAB}.Release|x86.Build.0 = Release|Win32
		{D364C0A4-CFDF-46BA-B740-75E94C4AD977}.Debug|x64.ActiveCfg = Debug|x64
		{D364C0A4-CFDF-46BA-B740-75E94C4AD977}.Debug|x64.Build.0 = Debug|x64
		{D364C0A4-CFDF-46BA-B740-75E94C4AD977}.Debug|x86.ActiveCfg = Debug|Win32
		{D364C0A4-CFDF-46BA-B740-75E94C4AD977}.Debug|x86.Build.0 = Debug|Win32
		{D364C0A4-CFDF-46BA-B740-75E94C4AD977}.Release|x64.ActiveCfg = Release|x64
		{D364C0A4-CFDF-46BA-B740-75E94C4AD977}.Release|x64.Build.0 = Release|x64
		{D364C0A4-CFDF-46BA-B740-75E94C4AD977}.Release|x86.ActiveCfg = Release|Win32
		{D364C0A4-CFDF-46BA-B740-75E94C4AD977}.Release|x86.Build.0 = Release|Win32
		{95CE4A89-D3E1-40E4-8417-DDA71F22D55A}.Debug|x64.ActiveCfg = Debug|x64
		{95CE4A89-D3E1-40E4-8417-DDA71F22D55A}.Debug|x64.Build.0 = Debug|x64
		{95CE4A89-D3E1-40E4-8417-DDA71F22D55A}.Debug|x86.ActiveCfg = Debug|Win32
		{95CE4A89-D3E1-40E4-8417-DDA71F22D55A}.Debug|x86.Build.0 = Debug|Win32
		{95CE4A89-D3E1-40E4-8417-DDA71F22D55A}.Release|x64.ActiveCfg = Release|x64
		{95CE4A89-D3E1-40E4-8417-DDA71F22D55A}.Release|x64.Build.0 = Release|x64
		{95CE4A89-D3E1-40E4-8417-DDA71F22D55A}.Release|x86.ActiveCfg = Release|Win32
		{95CE4A89-D3E1-40E4-8417-DDA71F22D55A}.Release|x86.Build.0 = Release|Win32
		{E31D1717-1706-4C59-89AB-1F2B5BC49E3F}.Debug|x64.ActiveCfg = Debug|x64
		{E31D1717-1706-4C59-89AB-1F2B5BC49E3F}.Debug|x64.Build.0 = Debug|x64
		{E31D1717-1706-4C59-89AB-1F2B5BC49E3F}.Debug|x86.ActiveCfg = Debug|Win32
		{E31D1717-1706-4C59-89AB-1F2B5BC49E3F}.Debug|x86.Build.0 = Debug|Win32
		{E31D1717-1706-4C59-89AB-1F2B5BC49E3F}.Release|x64.ActiveCfg = Release|x64
		{E31D1717-1706-4C59-89AB-1F2B5BC49E3F}.Release|x64.Build.0 = Release|x64
		{E31D1717-1706-4C59-89AB-1F2B5BC49E3F}.Release|x86.ActiveCfg = Release|Win32
		{E31D1717-1706-4C59-89AB-1F2B5BC49E3F}.Release|x86.Build.0 = Release|Win32
		{20ADF27F-809B-4F77-AA89-BB2B79B66E69}.Debug|x64.ActiveCfg = Debug|x64
		{20ADF27F-809B-4F77-AA89-BB2B79B66E69}.Debug|x64.Build.0 = Debug|x64
		{20ADF27F-809B-4F77-AA89-BB2B79B66E69}.Debug|x86.ActiveCfg = Debug|Win32
		{20ADF27F-809B-4F77-AA89-BB2B79B66E69}.Debug|x86.Build.0 = Debug|Win32
		{20ADF27F-809B-4F77-AA89-BB2B79B66E69}.Release|x64.ActiveCfg = Release|x64
		{20ADF27F-809B-4F77-AA89-BB2B79B66E69}.Release|x64.Build.0 = Release|x64
		{20ADF27F-809B-4F77-AA89-BB2B79B66E69}.Release|x86.ActiveCfg = Release|Win32
		{20ADF27F-809B-4F77-AA89-BB2B79B66E69}.Release|x86.Build.0 = Release|Win32
		{3E36A44C-A1A1-4FBA-9358-0EA996A2B1F8}.Debug|x64.ActiveCfg = Debug|x64
		{3E36A44C-A1A1-4FBA-9358-0EA996A2B1F8}.Debug|x64.Build.0 = Debug|x64
		{3E36A44C-A1A1-4FBA-9358-0EA996A2B1F8}.Debug|x86.ActiveCfg = Debug|Win32
		{3E36A44C-A1A1-4FBA-9358-0EA996A2B1F8}.Debug|x86.Build.0 = Debug|Win32
		{3E36A44C-A1A1-4FBA-9358-0EA996A2B1F8}.Release|x64.ActiveCfg = Release|x64
		{3E36A44C-A1A1-4FBA-9358-0EA996A2B1F8}.Release|x64.Build.0 = Release|x64
		{3E36A44C-A1A1-4FBA-9358-0EA996A2B1F8}.Release|x86.ActiveCfg = Release|Win32
		{3E36A44C-A1A1-4FBA-9358-0EA996A2B1F8}.Release|x86.Build.0 = Release|Win32
		{794D05A4-B5C1-4303-9232-ED6DAE33F55F}.Debug|x64.ActiveCfg = Debug|x64
		{794D05A4-B5C1-4303-9232-ED6DAE33F55F}.Debug|x64.Build.0 = Debug|x64
		{794D05A4-B5C1-4303-9232-ED6DAE33F55F}.Debug|x86.ActiveCfg = Debug|Win32
		{794D05A4-B5C1-4303-9232-ED6DAE33F55F}.Debug|x86.Build.0 = Debug|Win32
		{794D05A4-B5C1-4303-9232-ED6DAE33F55F}.Release|x64.ActiveCfg = Release|x64
		{794D05A4-B5C1-4303-9232-ED6DAE33F55F}.Release|x64.Build.0 = Release|x64
		{794D05A4-B5C1-4303-9232-ED6DAE33F55F}.Release|x86.ActiveCfg = Release|Win32
		{794D05A4-B5C1-4303-9232-ED6DAE33F55F}.Release|x86.Build.0 = Release|Win32
		{477131ED-13FF-4B22-A20B-8D6B7DD4210C}.Debug|x64.ActiveCfg = Debug|x64
		{477131ED-13FF-4B22-A20B-8D6B7DD4210C}.Debug|x64.Build.0 = Debug|x64
		{477131ED-13FF-4B22-A20B-8D6B7DD4210C}.Debug|x86.ActiveCfg = Debug|Win32
		{477131ED-13FF-4B22-A20B-8D6B7DD4210C}.Debug|x86.Build.0 = Debug|Win32
		{477131ED-13FF-4B22-A20B-8D6B7DD4210C}.Release|x64.ActiveCfg = Release|x64
		{477131ED-13FF-4B22-A20B-8D6B7DD4210C}.Release|x64.Build.0 = Release|x64
		{477131ED-13FF-4B22-A20B-8D6B7DD4210C}.Release|x86.ActiveCfg = Release|Win32
		{477131ED-13FF-4B22-A20B-8D6B7DD4210C}.Release|x86.Build.0 = Release|Win32
		{04AD4C1E-64C4-46B3-BA20-5F66A29D5A6F}.Debug|x64.ActiveCfg = Debug|x64
		{04AD4C1E-64C4-46B3-BA20-5F66A29D5A6F}.Debug|x64.Build.0 = Debug|x64
		{04AD4C1E-64C4-46B3-BA20-5F66A29D5A6F}.Debug|x86.ActiveCfg = Debug|Win32
		{04AD4C1E-64C4-46B3-BA20-5F66A29D5A6F}.Debug|x86.Build.0 = Debug|Win32
		{04AD4C1E-64C4-46B3-BA20-5F66A29D5A6F}.Release|x64.ActiveCfg = Release|x64
		{04AD4C1E-64C4-46B3-BA20-5F66A29D5A6F}.Release|x64.Build.0 = Release|x64
		{04AD4C1E-64C4-46B3-BA20-5F66A29D5A6F}.Release|x86.ActiveCfg = Release|Win32
		{04AD4C1E-64C4-46B3-BA20-5F66A29D5A6F}.Release|x86.Build.0 = Release|Win32
		{E5C70EC1-304B-4328-825D-DDA0600A1724}.Debug|x64.ActiveCfg = Debug|x64
		{E5C70EC1-304B-4328-825D-DDA0600A1724}.Debug|x64.Build.0 = Debug|x64
		{E5C70EC1-304B-4328-825D-DDA0600A1724}.Debug|x86.ActiveCfg = Debug|Win32
		{E5C70EC1-304B-4328-825D-DDA0600A1724}.Debug|x86.Build.0 = Debug|Win32
		{E5C70EC1-304B-4328-825D-DDA0600A1724}.Release|x64.ActiveCfg = Release|x64
		{E5C70EC1-304B-4328-825D-DDA0600A1724}.Release|x64.Build.0 = Release|x64
		{E5C70EC1-304B-4328-825D-DDA0600A1724}.Release|x86.ActiveCfg = Release|Win32
		{E5C70EC1-304B-4328-825D-DDA0600A1724}.Release|x86.Build.0 = Release|Win32
		{6246B2C5-D064-470F-9BB5-41F5496ECE18}.Debug|x64.ActiveCfg = Debug|x64
		{6246B2C5-D064-470F-9BB5-41F5496ECE18}.Debug|x64.Build.0 = Debug|x64
		{6246B2C5-D064-470F-9BB5-41F5496ECE18}.Debug|x86.ActiveCfg = Debug|Win32
		{6246B2C5-D064-470F-9BB5-41F5496ECE18}.Debug|x86.Build.0 = Debug|Win32
		{6246B2C5-D064-470F-9BB5-41F5496ECE18}.Release|x64.ActiveCfg = Release|x64
		{6246B2C5-D064-470F-9BB5-41F5496ECE18}.Release|x64.Build.0 = Release|x64
		{6246B2C5-D064-470F-9BB5-41F5496ECE18}.Release|x86.ActiveCfg = Release|Win32
		{6246B2C5-D064-470F-9BB5-41F5496ECE18}.Release|x86.Build.0 = Release|Win32
		{0DFB19BD-7CBA-4820-9EDB-C63396788507}.Debug|x64.ActiveCfg = Debug|x64
		{0DFB19BD-7CBA-4820-9EDB-C63396788507}.Debug|x64.Build.0 = Debug|x64
		{0DFB19BD-7CBA-4820-9EDB-C63396788507}.Debug|x86.ActiveCfg = Debug|Win32
		{0DFB19BD-7CBA-4820-9EDB-C63396788507}.Debug|x86.Build.0 = Debug|Win32
		{0DFB19BD-7CBA-4820-9EDB-C63396788507}.Release|x64.ActiveCfg = Release|x64
		{0DFB19BD-7CBA-4820-9EDB-C63396788507}.Release|x64.Build.0 = Release|x64
		{0DFB19BD-7CBA-4820-9EDB-C63396788507}.Release|x86.ActiveCfg = Release|Win32
		{0DFB19BD-7CBA-4820-9EDB-C63396788507}.Release|x86.Build.0 = Release|Win32
		{9AFFB271-10B4-4F1C-A3AA-5CFB66861E44}.Debug|x64.ActiveCfg = Debug|x64
		{9AFFB271-10B4-4F1C-A3AA-5CFB66861E44}.Debug|x64.Build.0 = Debug|x64
		{9AFFB271-10B4-4F1C-A3AA-5CFB66861E44}.Debug|x86.ActiveCfg = Debug|Win32
		{9AFFB271-10B4-4F1C-A3AA-5CFB66861E44}.Debug|x86.Build.0 = Debug|Win32
		{9AFFB271-10B4-4F1C-A3AA-5CFB66861E44}.Release|x64.ActiveCfg = Release|x64
		{9AFFB271-10B4-4F1C-A3AA-5CFB66861E44}.Release|x64.Build.0 = Release|x64
		{9AFFB271-10B4-4F1C-A3AA-5CFB66861E44}.Release|x86.ActiveCfg = Release|Win32
		{9AFFB271-10B4-4F1C-A3AA-5CFB66861E44}.Release|x86.Build.0 = Release|Win32
		{618811AD-9CB4-4DB6-B1DD-EF36BA614617}.Debug|x64.ActiveCfg = Debug|x64
		{618811AD-9CB4-4DB6-B1DD-EF36BA614617}.Debug|x64.Build.0 = Debug|x64
		{618811AD-9CB4-4DB6-B1DD-EF36BA614617}.Debug|x86.ActiveCfg = Debug|Win32
		{618811AD-9CB4-4DB6-B1DD-EF36BA614617}.Debug|x86.Build.0 = Debug|Win32
		{618811AD-9CB4-4DB6-B1DD-EF36BA614617}.Release|x64.ActiveCfg = Release|x64
		{618811AD-9CB4-4DB6-B1DD-EF36BA614617}.Release|x64.Build.0 = Release|x64
		{618811AD-9CB4-4DB6-B1DD-EF36BA614617}.Release|x86.ActiveCfg = Release|Win32
		{618811AD-9CB4-4DB6-B1DD-EF36BA614617}.Release|x86.Build.0 = Release|Win32
	EndGlobalSection
	GlobalSection(SolutionProperties) = preSolution
		HideSolutionNode = FALSE
	EndGlobalSection
	GlobalSection(ExtensibilityGlobals) = postSolution
		SolutionGuid = {D8E57504-C177-45A8-BB2D-690DB14158C0}
	EndGlobalSection
EndGlobal
