
Microsoft Visual Studio Solution File, Format Version 12.00
# Visual Studio Version 16
VisualStudioVersion = 16.0.30517.126
MinimumVisualStudioVersion = 10.0.40219.1
Project("{8BC9CEB8-8B4A-11D0-8D11-00A0C91BC942}") = "EPAM1", "EPAM1\EPAM1.vcxproj", "{477131ED-13FF-4B22-A20B-8D6B7DD4210C}"
EndProject
Project("{8BC9CEB8-8B4A-11D0-8D11-00A0C91BC942}") = "EPAM2", "EPAM2\EPAM2.vcxproj", "{04AD4C1E-64C4-46B3-BA20-5F66A29D5A6F}"
EndProject
Project("{8BC9CEB8-8B4A-11D0-8D11-00A0C91BC942}") = "EPAM3", "EPAM3\EPAM3.vcxproj", "{E5C70EC1-304B-4328-825D-DDA0600A1724}"
EndProject
Project("{8BC9CEB8-8B4A-11D0-8D11-00A0C91BC942}") = "EPAM4", "EPAM4\EPAM4.vcxproj", "{6246B2C5-D064-470F-9BB5-41F5496ECE18}"
EndProject
Project("{8BC9CEB8-8B4A-11D0-8D11-00A0C91BC942}") = "EPAM5", "EPAM5\EPAM5.vcxproj", "{0DFB19BD-7CBA-4820-9EDB-C63396788507}"
EndProject
Project("{8BC9CEB8-8B4A-11D0-8D11-00A0C91BC942}") = "Figures", "Figures\Figures.vcxproj", "{6D598675-AC1D-4EAB-BEBA-1187B6C25491}"
EndProject
Project("{8BC9CEB8-8B4A-11D0-8D11-00A0C91BC942}") = "EPAM6", "EPAM6\EPAM6.vcxproj", "{9AFFB271-10B4-4F1C-A3AA-5CFB66861E44}"
EndProject
Project("{8BC9CEB8-8B4A-11D0-8D11-00A0C91BC942}") = "EPAM7", "EPAM7\EPAM7.vcxproj", "{618811AD-9CB4-4DB6-B1DD-EF36BA614617}"
EndProject
Global
	GlobalSection(SolutionConfigurationPlatforms) = preSolution
		Debug|x64 = Debug|x64
		Debug|x86 = Debug|x86
		Release|x64 = Release|x64
		Release|x86 = Release|x86
	EndGlobalSection
	GlobalSection(ProjectConfigurationPlatforms) = postSolution
		{477131ED-13FF-4B22-A20B-8D6B7DD4210C}.Debug|x64.ActiveCfg = Debug|x64
		{477131ED-13FF-4B22-A20B-8D6B7DD4210C}.Debug|x64.Build.0 = Debug|x64
		{477131ED-13FF-4B22-A20B-8D6B7DD4210C}.Debug|x86.ActiveCfg = Debug|Win32
		{477131ED-13FF-4B22-A20B-8D6B7DD4210C}.Debug|x86.Build.0 = Debug|Win32
		{477131ED-13FF-4B22-A20B-8D6B7DD4210C}.Release|x64.ActiveCfg = Release|x64
		{477131ED-13FF-4B22-A20B-8D6B7DD4210C}.Release|x64.Build.0 = Release|x64
		{477131ED-13FF-4B22-A20B-8D6B7DD4210C}.Release|x86.ActiveCfg = Release|Win32
		{477131ED-13FF-4B22-A20B-8D6B7DD4210C}.Release|x86.Build.0 = Release|Win32
		{04AD4C1E-64C4-46B3-BA20-5F66A29D5A6F}.Debug|x64.ActiveCfg = Debug|x64
		{04AD4C1E-64C4-46B3-BA20-5F66A29D5A6F}.Debug|x64.Build.0 = Debug|x64
		{04AD4C1E-64C4-46B3-BA20-5F66A29D5A6F}.Debug|x86.ActiveCfg = Debug|Win32
		{04AD4C1E-64C4-46B3-BA20-5F66A29D5A6F}.Debug|x86.Build.0 = Debug|Win32
		{04AD4C1E-64C4-46B3-BA20-5F66A29D5A6F}.Release|x64.ActiveCfg = Release|x64
		{04AD4C1E-64C4-46B3-BA20-5F66A29D5A6F}.Release|x64.Build.0 = Release|x64
		{04AD4C1E-64C4-46B3-BA20-5F66A29D5A6F}.Release|x86.ActiveCfg = Release|Win32
		{04AD4C1E-64C4-46B3-BA20-5F66A29D5A6F}.Release|x86.Build.0 = Release|Win32
		{E5C70EC1-304B-4328-825D-DDA0600A1724}.Debug|x64.ActiveCfg = Debug|x64
		{E5C70EC1-304B-4328-825D-DDA0600A1724}.Debug|x64.Build.0 = Debug|x64
		{E5C70EC1-304B-4328-825D-DDA0600A1724}.Debug|x86.ActiveCfg = Debug|Win32
		{E5C70EC1-304B-4328-825D-DDA0600A1724}.Debug|x86.Build.0 = Debug|Win32
		{E5C70EC1-304B-4328-825D-DDA0600A1724}.Release|x64.ActiveCfg = Release|x64
		{E5C70EC1-304B-4328-825D-DDA0600A1724}.Release|x64.Build.0 = Release|x64
		{E5C70EC1-304B-4328-825D-DDA0600A1724}.Release|x86.ActiveCfg = Release|Win32
		{E5C70EC1-304B-4328-825D-DDA0600A1724}.Release|x86.Build.0 = Release|Win32
		{6246B2C5-D064-470F-9BB5-41F5496ECE18}.Debug|x64.ActiveCfg = Debug|x64
		{6246B2C5-D064-470F-9BB5-41F5496ECE18}.Debug|x64.Build.0 = Debug|x64
		{6246B2C5-D064-470F-9BB5-41F5496ECE18}.Debug|x86.ActiveCfg = Debug|Win32
		{6246B2C5-D064-470F-9BB5-41F5496ECE18}.Debug|x86.Build.0 = Debug|Win32
		{6246B2C5-D064-470F-9BB5-41F5496ECE18}.Release|x64.ActiveCfg = Release|x64
		{6246B2C5-D064-470F-9BB5-41F5496ECE18}.Release|x64.Build.0 = Release|x64
		{6246B2C5-D064-470F-9BB5-41F5496ECE18}.Release|x86.ActiveCfg = Release|Win32
		{6246B2C5-D064-470F-9BB5-41F5496ECE18}.Release|x86.Build.0 = Release|Win32
		{0DFB19BD-7CBA-4820-9EDB-C63396788507}.Debug|x64.ActiveCfg = Debug|x64
		{0DFB19BD-7CBA-4820-9EDB-C63396788507}.Debug|x64.Build.0 = Debug|x64
		{0DFB19BD-7CBA-4820-9EDB-C63396788507}.Debug|x86.ActiveCfg = Debug|Win32
		{0DFB19BD-7CBA-4820-9EDB-C63396788507}.Debug|x86.Build.0 = Debug|Win32
		{0DFB19BD-7CBA-4820-9EDB-C63396788507}.Release|x64.ActiveCfg = Release|x64
		{0DFB19BD-7CBA-4820-9EDB-C63396788507}.Release|x64.Build.0 = Release|x64
		{0DFB19BD-7CBA-4820-9EDB-C63396788507}.Release|x86.ActiveCfg = Release|Win32
		{0DFB19BD-7CBA-4820-9EDB-C63396788507}.Release|x86.Build.0 = Release|Win32
		{6D598675-AC1D-4EAB-BEBA-1187B6C25491}.Debug|x64.ActiveCfg = Debug|x64
		{6D598675-AC1D-4EAB-BEBA-1187B6C25491}.Debug|x64.Build.0 = Debug|x64
		{6D598675-AC1D-4EAB-BEBA-1187B6C25491}.Debug|x86.ActiveCfg = Debug|Win32
		{6D598675-AC1D-4EAB-BEBA-1187B6C25491}.Debug|x86.Build.0 = Debug|Win32
		{6D598675-AC1D-4EAB-BEBA-1187B6C25491}.Release|x64.ActiveCfg = Release|x64
		{6D598675-AC1D-4EAB-BEBA-1187B6C25491}.Release|x64.Build.0 = Release|x64
		{6D598675-AC1D-4EAB-BEBA-1187B6C25491}.Release|x86.ActiveCfg = Release|Win32
		{6D598675-AC1D-4EAB-BEBA-1187B6C25491}.Release|x86.Build.0 = Release|Win32
		{9AFFB271-10B4-4F1C-A3AA-5CFB66861E44}.Debug|x64.ActiveCfg = Debug|x64
		{9AFFB271-10B4-4F1C-A3AA-5CFB66861E44}.Debug|x64.Build.0 = Debug|x64
		{9AFFB271-10B4-4F1C-A3AA-5CFB66861E44}.Debug|x86.ActiveCfg = Debug|Win32
		{9AFFB271-10B4-4F1C-A3AA-5CFB66861E44}.Debug|x86.Build.0 = Debug|Win32
		{9AFFB271-10B4-4F1C-A3AA-5CFB66861E44}.Release|x64.ActiveCfg = Release|x64
		{9AFFB271-10B4-4F1C-A3AA-5CFB66861E44}.Release|x64.Build.0 = Release|x64
		{9AFFB271-10B4-4F1C-A3AA-5CFB66861E44}.Release|x86.ActiveCfg = Release|Win32
		{9AFFB271-10B4-4F1C-A3AA-5CFB66861E44}.Release|x86.Build.0 = Release|Win32
		{618811AD-9CB4-4DB6-B1DD-EF36BA614617}.Debug|x64.ActiveCfg = Debug|x64
		{618811AD-9CB4-4DB6-B1DD-EF36BA614617}.Debug|x64.Build.0 = Debug|x64
		{618811AD-9CB4-4DB6-B1DD-EF36BA614617}.Debug|x86.ActiveCfg = Debug|Win32
		{618811AD-9CB4-4DB6-B1DD-EF36BA614617}.Debug|x86.Build.0 = Debug|Win32
		{618811AD-9CB4-4DB6-B1DD-EF36BA614617}.Release|x64.ActiveCfg = Release|x64
		{618811AD-9CB4-4DB6-B1DD-EF36BA614617}.Release|x64.Build.0 = Release|x64
		{618811AD-9CB4-4DB6-B1DD-EF36BA614617}.Release|x86.ActiveCfg = Release|Win32
		{618811AD-9CB4-4DB6-B1DD-EF36BA614617}.Release|x86.Build.0 = Release|Win32
	EndGlobalSection
	GlobalSection(SolutionProperties) = preSolution
		HideSolutionNode = FALSE
	EndGlobalSection
	GlobalSection(ExtensibilityGlobals) = postSolution
		SolutionGuid = {D8E57504-C177-45A8-BB2D-690DB14158C0}
	EndGlobalSection
EndGlobal
